
Microsoft Visual Studio Solution File, Format Version 12.00
# Visual Studio Version 16
VisualStudioVersion = 16.0.32002.261
MinimumVisualStudioVersion = 10.0.40219.1
Project("{FAE04EC0-301F-11D3-BF4B-00C04F79EFBC}") = "praktikumw8", "praktikumw8\praktikumw8.csproj", "{C7A7749D-F131-472F-99C5-5F1DF57889EF}"
EndProject
Global
	GlobalSection(SolutionConfigurationPlatforms) = preSolution
		Debug|Any CPU = Debug|Any CPU
		Release|Any CPU = Release|Any CPU
	EndGlobalSection
	GlobalSection(ProjectConfigurationPlatforms) = postSolution
		{C7A7749D-F131-472F-99C5-5F1DF57889EF}.Debug|Any CPU.ActiveCfg = Debug|Any CPU
		{C7A7749D-F131-472F-99C5-5F1DF57889EF}.Debug|Any CPU.Build.0 = Debug|Any CPU
		{C7A7749D-F131-472F-99C5-5F1DF57889EF}.Release|Any CPU.ActiveCfg = Release|Any CPU
		{C7A7749D-F131-472F-99C5-5F1DF57889EF}.Release|Any CPU.Build.0 = Release|Any CPU
	EndGlobalSection
	GlobalSection(SolutionProperties) = preSolution
		HideSolutionNode = FALSE
	EndGlobalSection
	GlobalSection(ExtensibilityGlobals) = postSolution
		SolutionGuid = {B71E4FDF-F65D-46A9-B122-635990133C05}
	EndGlobalSection
EndGlobal
